
Microsoft Visual Studio Solution File, Format Version 12.00
# Visual Studio Version 17
VisualStudioVersion = 17.3.32819.101
MinimumVisualStudioVersion = 10.0.40219.1
Project("{FAE04EC0-301F-11D3-BF4B-00C04F79EFBC}") = "Calculator", "Calculator\Calculator.csproj", "{F21BE95E-7B92-45E2-B83D-45EE452C6BF5}"
EndProject
Global
	GlobalSection(SolutionConfigurationPlatforms) = preSolution
		Debug|Any CPU = Debug|Any CPU
		Release|Any CPU = Release|Any CPU
	EndGlobalSection
	GlobalSection(ProjectConfigurationPlatforms) = postSolution
		{F21BE95E-7B92-45E2-B83D-45EE452C6BF5}.Debug|Any CPU.ActiveCfg = Debug|Any CPU
		{F21BE95E-7B92-45E2-B83D-45EE452C6BF5}.Debug|Any CPU.Build.0 = Debug|Any CPU
		{F21BE95E-7B92-45E2-B83D-45EE452C6BF5}.Release|Any CPU.ActiveCfg = Release|Any CPU
		{F21BE95E-7B92-45E2-B83D-45EE452C6BF5}.Release|Any CPU.Build.0 = Release|Any CPU
	EndGlobalSection
	GlobalSection(SolutionProperties) = preSolution
		HideSolutionNode = FALSE
	EndGlobalSection
	GlobalSection(ExtensibilityGlobals) = postSolution
		SolutionGuid = {5E1A3E37-4928-44D9-9CF9-994F821339A3}
	EndGlobalSection
EndGlobal
